
Microsoft Visual Studio Solution File, Format Version 12.00
# Visual Studio 14
VisualStudioVersion = 14.0.23107.0
MinimumVisualStudioVersion = 10.0.40219.1
Project("{FAE04EC0-301F-11D3-BF4B-00C04F79EFBC}") = "ConsumoApi", "ConsumoApi\ConsumoApi.csproj", "{3F5642C9-0DED-4947-94EA-49C9AB413B6F}"
EndProject
Project("{FAE04EC0-301F-11D3-BF4B-00C04F79EFBC}") = "ConsoleTeste", "ConsoleTeste\ConsoleTeste.csproj", "{4A3D5586-025E-40EE-86A3-0E8CE1E13356}"
EndProject
Project("{FAE04EC0-301F-11D3-BF4B-00C04F79EFBC}") = "WebApplication3", "WebApplication3\WebApplication3.csproj", "{7981276B-9882-487B-A0F8-D9050F19ED66}"
EndProject
Global
	GlobalSection(SolutionConfigurationPlatforms) = preSolution
		Debug|Any CPU = Debug|Any CPU
		Release|Any CPU = Release|Any CPU
	EndGlobalSection
	GlobalSection(ProjectConfigurationPlatforms) = postSolution
		{3F5642C9-0DED-4947-94EA-49C9AB413B6F}.Debug|Any CPU.ActiveCfg = Debug|Any CPU
		{3F5642C9-0DED-4947-94EA-49C9AB413B6F}.Debug|Any CPU.Build.0 = Debug|Any CPU
		{3F5642C9-0DED-4947-94EA-49C9AB413B6F}.Release|Any CPU.ActiveCfg = Release|Any CPU
		{3F5642C9-0DED-4947-94EA-49C9AB413B6F}.Release|Any CPU.Build.0 = Release|Any CPU
		{4A3D5586-025E-40EE-86A3-0E8CE1E13356}.Debug|Any CPU.ActiveCfg = Debug|Any CPU
		{4A3D5586-025E-40EE-86A3-0E8CE1E13356}.Debug|Any CPU.Build.0 = Debug|Any CPU
		{4A3D5586-025E-40EE-86A3-0E8CE1E13356}.Release|Any CPU.ActiveCfg = Release|Any CPU
		{4A3D5586-025E-40EE-86A3-0E8CE1E13356}.Release|Any CPU.Build.0 = Release|Any CPU
		{7981276B-9882-487B-A0F8-D9050F19ED66}.Debug|Any CPU.ActiveCfg = Debug|Any CPU
		{7981276B-9882-487B-A0F8-D9050F19ED66}.Debug|Any CPU.Build.0 = Debug|Any CPU
		{7981276B-9882-487B-A0F8-D9050F19ED66}.Release|Any CPU.ActiveCfg = Release|Any CPU
		{7981276B-9882-487B-A0F8-D9050F19ED66}.Release|Any CPU.Build.0 = Release|Any CPU
	EndGlobalSection
	GlobalSection(SolutionProperties) = preSolution
		HideSolutionNode = FALSE
	EndGlobalSection
EndGlobal
